
Microsoft Visual Studio Solution File, Format Version 12.00
# Visual Studio Version 16
VisualStudioVersion = 16.0.31005.135
MinimumVisualStudioVersion = 10.0.40219.1
Project("{FAE04EC0-301F-11D3-BF4B-00C04F79EFBC}") = "TheAplikacija", "TheAplikacija.csproj", "{E5735BC2-A372-4DEF-AEA1-26B2A5F1BD81}"
EndProject
Project("{54435603-DBB4-11D2-8724-00A0C9A8B90C}") = "Setup", "Setup\Setup.vdproj", "{A58520C1-77A1-4287-B1CC-82DBD6E60D96}"
EndProject
Global
	GlobalSection(SolutionConfigurationPlatforms) = preSolution
		Debug|Any CPU = Debug|Any CPU
		Release|Any CPU = Release|Any CPU
	EndGlobalSection
	GlobalSection(ProjectConfigurationPlatforms) = postSolution
		{E5735BC2-A372-4DEF-AEA1-26B2A5F1BD81}.Debug|Any CPU.ActiveCfg = Debug|Any CPU
		{E5735BC2-A372-4DEF-AEA1-26B2A5F1BD81}.Debug|Any CPU.Build.0 = Debug|Any CPU
		{E5735BC2-A372-4DEF-AEA1-26B2A5F1BD81}.Release|Any CPU.ActiveCfg = Release|Any CPU
		{E5735BC2-A372-4DEF-AEA1-26B2A5F1BD81}.Release|Any CPU.Build.0 = Release|Any CPU
		{A58520C1-77A1-4287-B1CC-82DBD6E60D96}.Debug|Any CPU.ActiveCfg = Debug
		{A58520C1-77A1-4287-B1CC-82DBD6E60D96}.Release|Any CPU.ActiveCfg = Release
	EndGlobalSection
	GlobalSection(SolutionProperties) = preSolution
		HideSolutionNode = FALSE
	EndGlobalSection
	GlobalSection(ExtensibilityGlobals) = postSolution
		SolutionGuid = {2E620F8C-5216-4C06-B5E7-503463DAF3E9}
	EndGlobalSection
EndGlobal
